<?xml version="1.0" encoding="utf-8"?>
<Project ToolsVersion="4.0" xmlns="http://schemas.microsoft.com/developer/msbuild/2003">
  <ItemGroup>
    <Filter Include="源文件">
      <UniqueIdentifier>{4FC737F1-C7A5-4376-A066-2A32D752A2FF}</UniqueIdentifier>
      <Extensions>cpp;c;cc;cxx;def;odl;idl;hpj;bat;asm;asmx</Extensions>
    </Filter>
    <Filter Include="头文件">
      <UniqueIdentifier>{93995380-89BD-4b04-88EB-625FBE52EBFB}</UniqueIdentifier>
      <Extensions>h;hh;hpp;hxx;hm;inl;inc;xsd</Extensions>
    </Filter>
    <Filter Include="资源文件">
      <UniqueIdentifier>{67DA6AB6-F800-4c08-8B7A-83BB121AAD01}</UniqueIdentifier>
      <Extensions>rc;ico;cur;bmp;dlg;rc2;rct;bin;rgs;gif;jpg;jpeg;jpe;resx;tiff;tif;png;wav;mfcribbon-ms</Extensions>
    </Filter>
    <Filter Include="fmt">
      <UniqueIdentifier>{1d1cca96-dae2-49c4-8200-bd80420384ec}</UniqueIdentifier>
    </Filter>
  </ItemGroup>
  <ItemGroup>
    <Text Include="ReadMe.txt" />
  </ItemGroup>
  <ItemGroup>
    <ClInclude Include="stdafx.h">
      <Filter>头文件</Filter>
    </ClInclude>
    <ClInclude Include="targetver.h">
      <Filter>头文件</Filter>
    </ClInclude>
    <ClInclude Include="fmt\container.h">
      <Filter>fmt</Filter>
    </ClInclude>
    <ClInclude Include="fmt\format.h">
      <Filter>fmt</Filter>
    </ClInclude>
    <ClInclude Include="fmt\ostream.h">
      <Filter>fmt</Filter>
    </ClInclude>
    <ClInclude Include="fmt\posix.h">
      <Filter>fmt</Filter>
    </ClInclude>
    <ClInclude Include="fmt\printf.h">
      <Filter>fmt</Filter>
    </ClInclude>
    <ClInclude Include="fmt\string.h">
      <Filter>fmt</Filter>
    </ClInclude>
    <ClInclude Include="fmt\time.h">
      <Filter>fmt</Filter>
    </ClInclude>
  </ItemGroup>
  <ItemGroup>
    <ClCompile Include="stdafx.cpp">
      <Filter>源文件</Filter>
    </ClCompile>
    <ClCompile Include="Learnfmt.cpp">
      <Filter>源文件</Filter>
    </ClCompile>
    <ClCompile Include="fmt\format.cc">
      <Filter>fmt</Filter>
    </ClCompile>
    <ClCompile Include="fmt\ostream.cc">
      <Filter>fmt</Filter>
    </ClCompile>
    <ClCompile Include="fmt\posix.cc">
      <Filter>fmt</Filter>
    </ClCompile>
    <ClCompile Include="fmt\printf.cc">
      <Filter>fmt</Filter>
    </ClCompile>
  </ItemGroup>
</Project>